// !$*UTF8*$!
{
	archiveVersion = 1;
	classes = {
	};
	objectVersion = 55;
	objects = {

/* Begin PBXBuildFile section */
		A670167526C64113008BD706 /* SystemViewModel.swift in Sources */ = {isa = PBXBuildFile; fileRef = A670167426C64113008BD706 /* SystemViewModel.swift */; };
		A670167826C6526E008BD706 /* AlertToast in Frameworks */ = {isa = PBXBuildFile; productRef = A670167726C6526E008BD706 /* AlertToast */; };
		A670168226C6705A008BD706 /* HeartButton.swift in Sources */ = {isa = PBXBuildFile; fileRef = A670168126C6705A008BD706 /* HeartButton.swift */; };
		A67979E126C4F31F00ABCCF4 /* SliderMusicApp.swift in Sources */ = {isa = PBXBuildFile; fileRef = A67979E026C4F31F00ABCCF4 /* SliderMusicApp.swift */; };
		A67979E326C4F31F00ABCCF4 /* ContentView.swift in Sources */ = {isa = PBXBuildFile; fileRef = A67979E226C4F31F00ABCCF4 /* ContentView.swift */; };
		A67979E526C4F32000ABCCF4 /* Assets.xcassets in Resources */ = {isa = PBXBuildFile; fileRef = A67979E426C4F32000ABCCF4 /* Assets.xcassets */; };
		A67979E826C4F32000ABCCF4 /* Preview Assets.xcassets in Resources */ = {isa = PBXBuildFile; fileRef = A67979E726C4F32000ABCCF4 /* Preview Assets.xcassets */; };
		A67979EF26C4F3ED00ABCCF4 /* MusicSearchView.swift in Sources */ = {isa = PBXBuildFile; fileRef = A67979EE26C4F3ED00ABCCF4 /* MusicSearchView.swift */; };
		A67979F126C4F41700ABCCF4 /* RecommendThemeView.swift in Sources */ = {isa = PBXBuildFile; fileRef = A67979F026C4F41700ABCCF4 /* RecommendThemeView.swift */; };
		A695607126C507A500DC34AA /* AlbumListCell.swift in Sources */ = {isa = PBXBuildFile; fileRef = A695607026C507A500DC34AA /* AlbumListCell.swift */; };
		A695607626C508D700DC34AA /* IrregularGradient in Frameworks */ = {isa = PBXBuildFile; productRef = A695607526C508D700DC34AA /* IrregularGradient */; };
		A6A664F226C61B8700BC5BD0 /* AlbumDetail.swift in Sources */ = {isa = PBXBuildFile; fileRef = A6A664F126C61B8700BC5BD0 /* AlbumDetail.swift */; };
		A6A664F426C6279B00BC5BD0 /* PlayingBar.swift in Sources */ = {isa = PBXBuildFile; fileRef = A6A664F326C6279B00BC5BD0 /* PlayingBar.swift */; };
		A6A664F626C629C700BC5BD0 /* PlayingDetailView.swift in Sources */ = {isa = PBXBuildFile; fileRef = A6A664F526C629C700BC5BD0 /* PlayingDetailView.swift */; };
		A6C7DA1426C74F3F00393B36 /* Marquee in Frameworks */ = {isa = PBXBuildFile; productRef = A6C7DA1326C74F3F00393B36 /* Marquee */; };
		A6C7DA1726C7707A00393B36 /* ArtistView.swift in Sources */ = {isa = PBXBuildFile; fileRef = A6C7DA1626C7707A00393B36 /* ArtistView.swift */; };
		A6C7DA1A26C7743300393B36 /* SwimplyPlayIndicator in Frameworks */ = {isa = PBXBuildFile; productRef = A6C7DA1926C7743300393B36 /* SwimplyPlayIndicator */; };
/* End PBXBuildFile section */

/* Begin PBXFileReference section */
		A670167426C64113008BD706 /* SystemViewModel.swift */ = {isa = PBXFileReference; lastKnownFileType = sourcecode.swift; path = SystemViewModel.swift; sourceTree = "<group>"; };
		A670168126C6705A008BD706 /* HeartButton.swift */ = {isa = PBXFileReference; lastKnownFileType = sourcecode.swift; path = HeartButton.swift; sourceTree = "<group>"; };
		A67979DD26C4F31F00ABCCF4 /* SliderMusic.app */ = {isa = PBXFileReference; explicitFileType = wrapper.application; includeInIndex = 0; path = SliderMusic.app; sourceTree = BUILT_PRODUCTS_DIR; };
		A67979E026C4F31F00ABCCF4 /* SliderMusicApp.swift */ = {isa = PBXFileReference; lastKnownFileType = sourcecode.swift; path = SliderMusicApp.swift; sourceTree = "<group>"; };
		A67979E226C4F31F00ABCCF4 /* ContentView.swift */ = {isa = PBXFileReference; lastKnownFileType = sourcecode.swift; path = ContentView.swift; sourceTree = "<group>"; };
		A67979E426C4F32000ABCCF4 /* Assets.xcassets */ = {isa = PBXFileReference; lastKnownFileType = folder.assetcatalog; path = Assets.xcassets; sourceTree = "<group>"; };
		A67979E726C4F32000ABCCF4 /* Preview Assets.xcassets */ = {isa = PBXFileReference; lastKnownFileType = folder.assetcatalog; path = "Preview Assets.xcassets"; sourceTree = "<group>"; };
		A67979EE26C4F3ED00ABCCF4 /* MusicSearchView.swift */ = {isa = PBXFileReference; lastKnownFileType = sourcecode.swift; path = MusicSearchView.swift; sourceTree = "<group>"; };
		A67979F026C4F41700ABCCF4 /* RecommendThemeView.swift */ = {isa = PBXFileReference; lastKnownFileType = sourcecode.swift; path = RecommendThemeView.swift; sourceTree = "<group>"; };
		A695607026C507A500DC34AA /* AlbumListCell.swift */ = {isa = PBXFileReference; lastKnownFileType = sourcecode.swift; path = AlbumListCell.swift; sourceTree = "<group>"; };
		A6A664F126C61B8700BC5BD0 /* AlbumDetail.swift */ = {isa = PBXFileReference; lastKnownFileType = sourcecode.swift; path = AlbumDetail.swift; sourceTree = "<group>"; };
		A6A664F326C6279B00BC5BD0 /* PlayingBar.swift */ = {isa = PBXFileReference; lastKnownFileType = sourcecode.swift; path = PlayingBar.swift; sourceTree = "<group>"; };
		A6A664F526C629C700BC5BD0 /* PlayingDetailView.swift */ = {isa = PBXFileReference; lastKnownFileType = sourcecode.swift; path = PlayingDetailView.swift; sourceTree = "<group>"; };
		A6C7DA1626C7707A00393B36 /* ArtistView.swift */ = {isa = PBXFileReference; lastKnownFileType = sourcecode.swift; path = ArtistView.swift; sourceTree = "<group>"; };
/* End PBXFileReference section */

/* Begin PBXFrameworksBuildPhase section */
		A67979DA26C4F31F00ABCCF4 /* Frameworks */ = {
			isa = PBXFrameworksBuildPhase;
			buildActionMask = 2147483647;
			files = (
				A6C7DA1A26C7743300393B36 /* SwimplyPlayIndicator in Frameworks */,
				A695607626C508D700DC34AA /* IrregularGradient in Frameworks */,
				A670167826C6526E008BD706 /* AlertToast in Frameworks */,
				A6C7DA1426C74F3F00393B36 /* Marquee in Frameworks */,
			);
			runOnlyForDeploymentPostprocessing = 0;
		};
/* End PBXFrameworksBuildPhase section */

/* Begin PBXGroup section */
		A67979D426C4F31F00ABCCF4 = {
			isa = PBXGroup;
			children = (
				A67979DF26C4F31F00ABCCF4 /* SliderMusic */,
				A67979DE26C4F31F00ABCCF4 /* Products */,
			);
			sourceTree = "<group>";
		};
		A67979DE26C4F31F00ABCCF4 /* Products */ = {
			isa = PBXGroup;
			children = (
				A67979DD26C4F31F00ABCCF4 /* SliderMusic.app */,
			);
			name = Products;
			sourceTree = "<group>";
		};
		A67979DF26C4F31F00ABCCF4 /* SliderMusic */ = {
			isa = PBXGroup;
			children = (
				A67979E426C4F32000ABCCF4 /* Assets.xcassets */,
				A67979E026C4F31F00ABCCF4 /* SliderMusicApp.swift */,
				A67979E226C4F31F00ABCCF4 /* ContentView.swift */,
				A670167426C64113008BD706 /* SystemViewModel.swift */,
				A6C7DA1526C7502C00393B36 /* View */,
				A67979E626C4F32000ABCCF4 /* Preview Content */,
			);
			path = SliderMusic;
			sourceTree = "<group>";
		};
		A67979E626C4F32000ABCCF4 /* Preview Content */ = {
			isa = PBXGroup;
			children = (
				A67979E726C4F32000ABCCF4 /* Preview Assets.xcassets */,
			);
			path = "Preview Content";
			sourceTree = "<group>";
		};
		A6C7DA1526C7502C00393B36 /* View */ = {
			isa = PBXGroup;
			children = (
				A670168126C6705A008BD706 /* HeartButton.swift */,
				A67979EE26C4F3ED00ABCCF4 /* MusicSearchView.swift */,
				A695607026C507A500DC34AA /* AlbumListCell.swift */,
				A67979F026C4F41700ABCCF4 /* RecommendThemeView.swift */,
				A6A664F126C61B8700BC5BD0 /* AlbumDetail.swift */,
				A6A664F326C6279B00BC5BD0 /* PlayingBar.swift */,
				A6A664F526C629C700BC5BD0 /* PlayingDetailView.swift */,
				A6C7DA1626C7707A00393B36 /* ArtistView.swift */,
			);
			path = View;
			sourceTree = "<group>";
		};
/* End PBXGroup section */

/* Begin PBXNativeTarget section */
		A67979DC26C4F31F00ABCCF4 /* SliderMusic */ = {
			isa = PBXNativeTarget;
			buildConfigurationList = A67979EB26C4F32000ABCCF4 /* Build configuration list for PBXNativeTarget "SliderMusic" */;
			buildPhases = (
				A67979D926C4F31F00ABCCF4 /* Sources */,
				A67979DA26C4F31F00ABCCF4 /* Frameworks */,
				A67979DB26C4F31F00ABCCF4 /* Resources */,
			);
			buildRules = (
			);
			dependencies = (
			);
			name = SliderMusic;
			packageProductDependencies = (
				A695607526C508D700DC34AA /* IrregularGradient */,
				A670167726C6526E008BD706 /* AlertToast */,
				A6C7DA1326C74F3F00393B36 /* Marquee */,
				A6C7DA1926C7743300393B36 /* SwimplyPlayIndicator */,
			);
			productName = SliderMusic;
			productReference = A67979DD26C4F31F00ABCCF4 /* SliderMusic.app */;
			productType = "com.apple.product-type.application";
		};
/* End PBXNativeTarget section */

/* Begin PBXProject section */
		A67979D526C4F31F00ABCCF4 /* Project object */ = {
			isa = PBXProject;
			attributes = {
				BuildIndependentTargetsInParallel = 1;
				LastSwiftUpdateCheck = 1300;
				LastUpgradeCheck = 1300;
				TargetAttributes = {
					A67979DC26C4F31F00ABCCF4 = {
						CreatedOnToolsVersion = 13.0;
					};
				};
			};
			buildConfigurationList = A67979D826C4F31F00ABCCF4 /* Build configuration list for PBXProject "SliderMusic" */;
			compatibilityVersion = "Xcode 13.0";
			developmentRegion = en;
			hasScannedForEncodings = 0;
			knownRegions = (
				en,
				Base,
			);
			mainGroup = A67979D426C4F31F00ABCCF4;
			packageReferences = (
				A695607426C508D700DC34AA /* XCRemoteSwiftPackageReference "IrregularGradient" */,
				A670167626C6526E008BD706 /* XCRemoteSwiftPackageReference "AlertToast" */,
				A6C7DA1226C74F3F00393B36 /* XCRemoteSwiftPackageReference "Marquee" */,
				A6C7DA1826C7743300393B36 /* XCRemoteSwiftPackageReference "SwimplyPlayIndicator" */,
			);
			productRefGroup = A67979DE26C4F31F00ABCCF4 /* Products */;
			projectDirPath = "";
			projectRoot = "";
			targets = (
				A67979DC26C4F31F00ABCCF4 /* SliderMusic */,
			);
		};
/* End PBXProject section */

/* Begin PBXResourcesBuildPhase section */
		A67979DB26C4F31F00ABCCF4 /* Resources */ = {
			isa = PBXResourcesBuildPhase;
			buildActionMask = 2147483647;
			files = (
				A67979E826C4F32000ABCCF4 /* Preview Assets.xcassets in Resources */,
				A67979E526C4F32000ABCCF4 /* Assets.xcassets in Resources */,
			);
			runOnlyForDeploymentPostprocessing = 0;
		};
/* End PBXResourcesBuildPhase section */

/* Begin PBXSourcesBuildPhase section */
		A67979D926C4F31F00ABCCF4 /* Sources */ = {
			isa = PBXSourcesBuildPhase;
			buildActionMask = 2147483647;
			files = (
				A670168226C6705A008BD706 /* HeartButton.swift in Sources */,
				A67979EF26C4F3ED00ABCCF4 /* MusicSearchView.swift in Sources */,
				A67979E326C4F31F00ABCCF4 /* ContentView.swift in Sources */,
				A6A664F226C61B8700BC5BD0 /* AlbumDetail.swift in Sources */,
				A695607126C507A500DC34AA /* AlbumListCell.swift in Sources */,
				A6A664F626C629C700BC5BD0 /* PlayingDetailView.swift in Sources */,
				A67979E126C4F31F00ABCCF4 /* SliderMusicApp.swift in Sources */,
				A67979F126C4F41700ABCCF4 /* RecommendThemeView.swift in Sources */,
				A670167526C64113008BD706 /* SystemViewModel.swift in Sources */,
				A6C7DA1726C7707A00393B36 /* ArtistView.swift in Sources */,
				A6A664F426C6279B00BC5BD0 /* PlayingBar.swift in Sources */,
			);
			runOnlyForDeploymentPostprocessing = 0;
		};
/* End PBXSourcesBuildPhase section */

/* Begin XCBuildConfiguration section */
		A67979E926C4F32000ABCCF4 /* Debug */ = {
			isa = XCBuildConfiguration;
			buildSettings = {
				ALWAYS_SEARCH_USER_PATHS = NO;
				CLANG_ANALYZER_NONNULL = YES;
				CLANG_ANALYZER_NUMBER_OBJECT_CONVERSION = YES_AGGRESSIVE;
				CLANG_CXX_LANGUAGE_STANDARD = "gnu++17";
				CLANG_CXX_LIBRARY = "libc++";
				CLANG_ENABLE_MODULES = YES;
				CLANG_ENABLE_OBJC_ARC = YES;
				CLANG_ENABLE_OBJC_WEAK = YES;
				CLANG_WARN_BLOCK_CAPTURE_AUTORELEASING = YES;
				CLANG_WARN_BOOL_CONVERSION = YES;
				CLANG_WARN_COMMA = YES;
				CLANG_WARN_CONSTANT_CONVERSION = YES;
				CLANG_WARN_DEPRECATED_OBJC_IMPLEMENTATIONS = YES;
				CLANG_WARN_DIRECT_OBJC_ISA_USAGE = YES_ERROR;
				CLANG_WARN_DOCUMENTATION_COMMENTS = YES;
				CLANG_WARN_EMPTY_BODY = YES;
				CLANG_WARN_ENUM_CONVERSION = YES;
				CLANG_WARN_INFINITE_RECURSION = YES;
				CLANG_WARN_INT_CONVERSION = YES;
				CLANG_WARN_NON_LITERAL_NULL_CONVERSION = YES;
				CLANG_WARN_OBJC_IMPLICIT_RETAIN_SELF = YES;
				CLANG_WARN_OBJC_LITERAL_CONVERSION = YES;
				CLANG_WARN_OBJC_ROOT_CLASS = YES_ERROR;
				CLANG_WARN_QUOTED_INCLUDE_IN_FRAMEWORK_HEADER = YES;
				CLANG_WARN_RANGE_LOOP_ANALYSIS = YES;
				CLANG_WARN_STRICT_PROTOTYPES = YES;
				CLANG_WARN_SUSPICIOUS_MOVE = YES;
				CLANG_WARN_UNGUARDED_AVAILABILITY = YES_AGGRESSIVE;
				CLANG_WARN_UNREACHABLE_CODE = YES;
				CLANG_WARN__DUPLICATE_METHOD_MATCH = YES;
				COPY_PHASE_STRIP = NO;
				DEBUG_INFORMATION_FORMAT = dwarf;
				ENABLE_STRICT_OBJC_MSGSEND = YES;
				ENABLE_TESTABILITY = YES;
				GCC_C_LANGUAGE_STANDARD = gnu11;
				GCC_DYNAMIC_NO_PIC = NO;
				GCC_NO_COMMON_BLOCKS = YES;
				GCC_OPTIMIZATION_LEVEL = 0;
				GCC_PREPROCESSOR_DEFINITIONS = (
					"DEBUG=1",
					"$(inherited)",
				);
				GCC_WARN_64_TO_32_BIT_CONVERSION = YES;
				GCC_WARN_ABOUT_RETURN_TYPE = YES_ERROR;
				GCC_WARN_UNDECLARED_SELECTOR = YES;
				GCC_WARN_UNINITIALIZED_AUTOS = YES_AGGRESSIVE;
				GCC_WARN_UNUSED_FUNCTION = YES;
				GCC_WARN_UNUSED_VARIABLE = YES;
				IPHONEOS_DEPLOYMENT_TARGET = 15.0;
				MTL_ENABLE_DEBUG_INFO = INCLUDE_SOURCE;
				MTL_FAST_MATH = YES;
				ONLY_ACTIVE_ARCH = YES;
				SDKROOT = iphoneos;
				SWIFT_ACTIVE_COMPILATION_CONDITIONS = DEBUG;
				SWIFT_OPTIMIZATION_LEVEL = "-Onone";
			};
			name = Debug;
		};
		A67979EA26C4F32000ABCCF4 /* Release */ = {
			isa = XCBuildConfiguration;
			buildSettings = {
				ALWAYS_SEARCH_USER_PATHS = NO;
				CLANG_ANALYZER_NONNULL = YES;
				CLANG_ANALYZER_NUMBER_OBJECT_CONVERSION = YES_AGGRESSIVE;
				CLANG_CXX_LANGUAGE_STANDARD = "gnu++17";
				CLANG_CXX_LIBRARY = "libc++";
				CLANG_ENABLE_MODULES = YES;
				CLANG_ENABLE_OBJC_ARC = YES;
				CLANG_ENABLE_OBJC_WEAK = YES;
				CLANG_WARN_BLOCK_CAPTURE_AUTORELEASING = YES;
				CLANG_WARN_BOOL_CONVERSION = YES;
				CLANG_WARN_COMMA = YES;
				CLANG_WARN_CONSTANT_CONVERSION = YES;
				CLANG_WARN_DEPRECATED_OBJC_IMPLEMENTATIONS = YES;
				CLANG_WARN_DIRECT_OBJC_ISA_USAGE = YES_ERROR;
				CLANG_WARN_DOCUMENTATION_COMMENTS = YES;
				CLANG_WARN_EMPTY_BODY = YES;
				CLANG_WARN_ENUM_CONVERSION = YES;
				CLANG_WARN_INFINITE_RECURSION = YES;
				CLANG_WARN_INT_CONVERSION = YES;
				CLANG_WARN_NON_LITERAL_NULL_CONVERSION = YES;
				CLANG_WARN_OBJC_IMPLICIT_RETAIN_SELF = YES;
				CLANG_WARN_OBJC_LITERAL_CONVERSION = YES;
				CLANG_WARN_OBJC_ROOT_CLASS = YES_ERROR;
				CLANG_WARN_QUOTED_INCLUDE_IN_FRAMEWORK_HEADER = YES;
				CLANG_WARN_RANGE_LOOP_ANALYSIS = YES;
				CLANG_WARN_STRICT_PROTOTYPES = YES;
				CLANG_WARN_SUSPICIOUS_MOVE = YES;
				CLANG_WARN_UNGUARDED_AVAILABILITY = YES_AGGRESSIVE;
				CLANG_WARN_UNREACHABLE_CODE = YES;
				CLANG_WARN__DUPLICATE_METHOD_MATCH = YES;
				COPY_PHASE_STRIP = NO;
				DEBUG_INFORMATION_FORMAT = "dwarf-with-dsym";
				ENABLE_NS_ASSERTIONS = NO;
				ENABLE_STRICT_OBJC_MSGSEND = YES;
				GCC_C_LANGUAGE_STANDARD = gnu11;
				GCC_NO_COMMON_BLOCKS = YES;
				GCC_WARN_64_TO_32_BIT_CONVERSION = YES;
				GCC_WARN_ABOUT_RETURN_TYPE = YES_ERROR;
				GCC_WARN_UNDECLARED_SELECTOR = YES;
				GCC_WARN_UNINITIALIZED_AUTOS = YES_AGGRESSIVE;
				GCC_WARN_UNUSED_FUNCTION = YES;
				GCC_WARN_UNUSED_VARIABLE = YES;
				IPHONEOS_DEPLOYMENT_TARGET = 15.0;
				MTL_ENABLE_DEBUG_INFO = NO;
				MTL_FAST_MATH = YES;
				SDKROOT = iphoneos;
				SWIFT_COMPILATION_MODE = wholemodule;
				SWIFT_OPTIMIZATION_LEVEL = "-O";
				VALIDATE_PRODUCT = YES;
			};
			name = Release;
		};
		A67979EC26C4F32000ABCCF4 /* Debug */ = {
			isa = XCBuildConfiguration;
			buildSettings = {
				ASSETCATALOG_COMPILER_APPICON_NAME = AppIcon;
				ASSETCATALOG_COMPILER_GLOBAL_ACCENT_COLOR_NAME = AccentColor;
				CODE_SIGN_STYLE = Automatic;
				CURRENT_PROJECT_VERSION = 1;
				DEVELOPMENT_ASSET_PATHS = "\"SliderMusic/Preview Content\"";
				DEVELOPMENT_TEAM = 88DQM3PTQR;
				ENABLE_PREVIEWS = YES;
				GENERATE_INFOPLIST_FILE = YES;
				INFOPLIST_KEY_NSAppleMusicUsageDescription = "Apple Music use";
				INFOPLIST_KEY_UIApplicationSceneManifest_Generation = YES;
				INFOPLIST_KEY_UIApplicationSupportsIndirectInputEvents = YES;
				INFOPLIST_KEY_UILaunchScreen_Generation = YES;
				INFOPLIST_KEY_UISupportedInterfaceOrientations_iPad = "UIInterfaceOrientationPortrait UIInterfaceOrientationPortraitUpsideDown UIInterfaceOrientationLandscapeLeft UIInterfaceOrientationLandscapeRight";
				INFOPLIST_KEY_UISupportedInterfaceOrientations_iPhone = "UIInterfaceOrientationPortrait UIInterfaceOrientationLandscapeLeft UIInterfaceOrientationLandscapeRight";
				IPHONEOS_DEPLOYMENT_TARGET = 14.0;
				LD_RUNPATH_SEARCH_PATHS = (
					"$(inherited)",
					"@executable_path/Frameworks",
				);
				MARKETING_VERSION = 1.0;
				PRODUCT_BUNDLE_IDENTIFIER = com.tistory.leeprogrammerlabatory.SliderMusic;
				PRODUCT_NAME = "$(TARGET_NAME)";
				SWIFT_EMIT_LOC_STRINGS = YES;
				SWIFT_VERSION = 5.0;
				TARGETED_DEVICE_FAMILY = "1,2";
			};
			name = Debug;
		};
		A67979ED26C4F32000ABCCF4 /* Release */ = {
			isa = XCBuildConfiguration;
			buildSettings = {
				ASSETCATALOG_COMPILER_APPICON_NAME = AppIcon;
				ASSETCATALOG_COMPILER_GLOBAL_ACCENT_COLOR_NAME = AccentColor;
				CODE_SIGN_STYLE = Automatic;
				CURRENT_PROJECT_VERSION = 1;
				DEVELOPMENT_ASSET_PATHS = "\"SliderMusic/Preview Content\"";
				DEVELOPMENT_TEAM = 88DQM3PTQR;
				ENABLE_PREVIEWS = YES;
				GENERATE_INFOPLIST_FILE = YES;
				INFOPLIST_KEY_NSAppleMusicUsageDescription = "Apple Music use";
				INFOPLIST_KEY_UIApplicationSceneManifest_Generation = YES;
				INFOPLIST_KEY_UIApplicationSupportsIndirectInputEvents = YES;
				INFOPLIST_KEY_UILaunchScreen_Generation = YES;
				INFOPLIST_KEY_UISupportedInterfaceOrientations_iPad = "UIInterfaceOrientationPortrait UIInterfaceOrientationPortraitUpsideDown UIInterfaceOrientationLandscapeLeft UIInterfaceOrientationLandscapeRight";
				INFOPLIST_KEY_UISupportedInterfaceOrientations_iPhone = "UIInterfaceOrientationPortrait UIInterfaceOrientationLandscapeLeft UIInterfaceOrientationLandscapeRight";
				IPHONEOS_DEPLOYMENT_TARGET = 14.0;
				LD_RUNPATH_SEARCH_PATHS = (
					"$(inherited)",
					"@executable_path/Frameworks",
				);
				MARKETING_VERSION = 1.0;
				PRODUCT_BUNDLE_IDENTIFIER = com.tistory.leeprogrammerlabatory.SliderMusic;
				PRODUCT_NAME = "$(TARGET_NAME)";
				SWIFT_EMIT_LOC_STRINGS = YES;
				SWIFT_VERSION = 5.0;
				TARGETED_DEVICE_FAMILY = "1,2";
			};
			name = Release;
		};
/* End XCBuildConfiguration section */

/* Begin XCConfigurationList section */
		A67979D826C4F31F00ABCCF4 /* Build configuration list for PBXProject "SliderMusic" */ = {
			isa = XCConfigurationList;
			buildConfigurations = (
				A67979E926C4F32000ABCCF4 /* Debug */,
				A67979EA26C4F32000ABCCF4 /* Release */,
			);
			defaultConfigurationIsVisible = 0;
			defaultConfigurationName = Release;
		};
		A67979EB26C4F32000ABCCF4 /* Build configuration list for PBXNativeTarget "SliderMusic" */ = {
			isa = XCConfigurationList;
			buildConfigurations = (
				A67979EC26C4F32000ABCCF4 /* Debug */,
				A67979ED26C4F32000ABCCF4 /* Release */,
			);
			defaultConfigurationIsVisible = 0;
			defaultConfigurationName = Release;
		};
/* End XCConfigurationList section */

/* Begin XCRemoteSwiftPackageReference section */
		A670167626C6526E008BD706 /* XCRemoteSwiftPackageReference "AlertToast" */ = {
			isa = XCRemoteSwiftPackageReference;
			repositoryURL = "https://github.com/elai950/AlertToast";
			requirement = {
				branch = master;
				kind = branch;
			};
		};
		A695607426C508D700DC34AA /* XCRemoteSwiftPackageReference "IrregularGradient" */ = {
			isa = XCRemoteSwiftPackageReference;
			repositoryURL = "https://github.com/joogps/IrregularGradient";
			requirement = {
				branch = main;
				kind = branch;
			};
		};
		A6C7DA1226C74F3F00393B36 /* XCRemoteSwiftPackageReference "Marquee" */ = {
			isa = XCRemoteSwiftPackageReference;
			repositoryURL = "https://github.com/SwiftUIKit/Marquee";
			requirement = {
				kind = upToNextMajorVersion;
				minimumVersion = 0.3.0;
			};
		};
		A6C7DA1826C7743300393B36 /* XCRemoteSwiftPackageReference "SwimplyPlayIndicator" */ = {
			isa = XCRemoteSwiftPackageReference;
			repositoryURL = "https://github.com/obrhoff/SwimplyPlayIndicator";
			requirement = {
				kind = upToNextMajorVersion;
				minimumVersion = 1.0.0;
			};
		};
/* End XCRemoteSwiftPackageReference section */

/* Begin XCSwiftPackageProductDependency section */
		A670167726C6526E008BD706 /* AlertToast */ = {
			isa = XCSwiftPackageProductDependency;
			package = A670167626C6526E008BD706 /* XCRemoteSwiftPackageReference "AlertToast" */;
			productName = AlertToast;
		};
		A695607526C508D700DC34AA /* IrregularGradient */ = {
			isa = XCSwiftPackageProductDependency;
			package = A695607426C508D700DC34AA /* XCRemoteSwiftPackageReference "IrregularGradient" */;
			productName = IrregularGradient;
		};
		A6C7DA1326C74F3F00393B36 /* Marquee */ = {
			isa = XCSwiftPackageProductDependency;
			package = A6C7DA1226C74F3F00393B36 /* XCRemoteSwiftPackageReference "Marquee" */;
			productName = Marquee;
		};
		A6C7DA1926C7743300393B36 /* SwimplyPlayIndicator */ = {
			isa = XCSwiftPackageProductDependency;
			package = A6C7DA1826C7743300393B36 /* XCRemoteSwiftPackageReference "SwimplyPlayIndicator" */;
			productName = SwimplyPlayIndicator;
		};
/* End XCSwiftPackageProductDependency section */
	};
	rootObject = A67979D526C4F31F00ABCCF4 /* Project object */;
}
